
Microsoft Visual Studio Solution File, Format Version 12.00
# Visual Studio 15
VisualStudioVersion = 15.0.27428.2037
MinimumVisualStudioVersion = 10.0.40219.1
Project("{FAE04EC0-301F-11D3-BF4B-00C04F79EFBC}") = "ConsoleApp1", "ConsoleApp1\ConsoleApp1.csproj", "{8695BE3D-A503-4001-808E-A6F0797D2394}"
EndProject
Global
	GlobalSection(SolutionConfigurationPlatforms) = preSolution
		Debug|Any CPU = Debug|Any CPU
		Release|Any CPU = Release|Any CPU
	EndGlobalSection
	GlobalSection(ProjectConfigurationPlatforms) = postSolution
		{8695BE3D-A503-4001-808E-A6F0797D2394}.Debug|Any CPU.ActiveCfg = Debug|Any CPU
		{8695BE3D-A503-4001-808E-A6F0797D2394}.Debug|Any CPU.Build.0 = Debug|Any CPU
		{8695BE3D-A503-4001-808E-A6F0797D2394}.Release|Any CPU.ActiveCfg = Release|Any CPU
		{8695BE3D-A503-4001-808E-A6F0797D2394}.Release|Any CPU.Build.0 = Release|Any CPU
	EndGlobalSection
	GlobalSection(SolutionProperties) = preSolution
		HideSolutionNode = FALSE
	EndGlobalSection
	GlobalSection(ExtensibilityGlobals) = postSolution
		SolutionGuid = {0BA51798-A2E7-4B2E-912A-69D35A060094}
	EndGlobalSection
EndGlobal
