
Microsoft Visual Studio Solution File, Format Version 12.00
# Visual Studio Version 16
VisualStudioVersion = 16.0.29503.13
MinimumVisualStudioVersion = 10.0.40219.1
Project("{FAE04EC0-301F-11D3-BF4B-00C04F79EFBC}") = "01.Singleton", "01.Singleton\01.Singleton.csproj", "{9A735C8E-9A9C-4AF4-B244-AA47FBD98380}"
EndProject
Project("{FAE04EC0-301F-11D3-BF4B-00C04F79EFBC}") = "02.Facade", "02.Facade\02.Facade.csproj", "{C1A42FB0-CBFB-4A1F-A11F-ED240BA5D462}"
EndProject
Project("{FAE04EC0-301F-11D3-BF4B-00C04F79EFBC}") = "03.CommandPattern", "03.CommandPattern\03.CommandPattern.csproj", "{1D39B2B1-0C5B-408A-8AC2-3D9525BE036C}"
EndProject
Global
	GlobalSection(SolutionConfigurationPlatforms) = preSolution
		Debug|Any CPU = Debug|Any CPU
		Release|Any CPU = Release|Any CPU
	EndGlobalSection
	GlobalSection(ProjectConfigurationPlatforms) = postSolution
		{9A735C8E-9A9C-4AF4-B244-AA47FBD98380}.Debug|Any CPU.ActiveCfg = Debug|Any CPU
		{9A735C8E-9A9C-4AF4-B244-AA47FBD98380}.Debug|Any CPU.Build.0 = Debug|Any CPU
		{9A735C8E-9A9C-4AF4-B244-AA47FBD98380}.Release|Any CPU.ActiveCfg = Release|Any CPU
		{9A735C8E-9A9C-4AF4-B244-AA47FBD98380}.Release|Any CPU.Build.0 = Release|Any CPU
		{C1A42FB0-CBFB-4A1F-A11F-ED240BA5D462}.Debug|Any CPU.ActiveCfg = Debug|Any CPU
		{C1A42FB0-CBFB-4A1F-A11F-ED240BA5D462}.Debug|Any CPU.Build.0 = Debug|Any CPU
		{C1A42FB0-CBFB-4A1F-A11F-ED240BA5D462}.Release|Any CPU.ActiveCfg = Release|Any CPU
		{C1A42FB0-CBFB-4A1F-A11F-ED240BA5D462}.Release|Any CPU.Build.0 = Release|Any CPU
		{1D39B2B1-0C5B-408A-8AC2-3D9525BE036C}.Debug|Any CPU.ActiveCfg = Debug|Any CPU
		{1D39B2B1-0C5B-408A-8AC2-3D9525BE036C}.Debug|Any CPU.Build.0 = Debug|Any CPU
		{1D39B2B1-0C5B-408A-8AC2-3D9525BE036C}.Release|Any CPU.ActiveCfg = Release|Any CPU
		{1D39B2B1-0C5B-408A-8AC2-3D9525BE036C}.Release|Any CPU.Build.0 = Release|Any CPU
	EndGlobalSection
	GlobalSection(SolutionProperties) = preSolution
		HideSolutionNode = FALSE
	EndGlobalSection
	GlobalSection(ExtensibilityGlobals) = postSolution
		SolutionGuid = {FD9BF5E3-5020-4CA8-BA06-90283A262F93}
	EndGlobalSection
EndGlobal
