
Microsoft Visual Studio Solution File, Format Version 12.00
# Visual Studio 15
VisualStudioVersion = 15.0.27130.2027
MinimumVisualStudioVersion = 10.0.40219.1
Project("{9A19103F-16F7-4668-BE54-9A1E7A4F7556}") = "01.DefineAnInterfaceIPerson", "01.DefineAnInterfaceIPerson\01.DefineAnInterfaceIPerson.csproj", "{D31F109F-EA5C-44F2-88B0-EE85AA3CF609}"
EndProject
Project("{9A19103F-16F7-4668-BE54-9A1E7A4F7556}") = "02.MultipleImplementation", "02.MultipleImplementation\02.MultipleImplementation.csproj", "{A353C44E-2A91-439A-846B-30E9F516FA56}"
EndProject
Project("{9A19103F-16F7-4668-BE54-9A1E7A4F7556}") = "03.Ferrari", "03.Ferrari\03.Ferrari.csproj", "{3F26AE02-932D-4D9C-A27E-387010B3B3D2}"
EndProject
Project("{9A19103F-16F7-4668-BE54-9A1E7A4F7556}") = "04.Telephony", "04.Telephony\04.Telephony.csproj", "{7BACC16C-C6FC-4356-8156-2F2E6C87AE24}"
EndProject
Project("{9A19103F-16F7-4668-BE54-9A1E7A4F7556}") = "05.BorderControl", "05.BorderControl\05.BorderControl.csproj", "{29C06EB6-F33A-43E6-842F-8C6B624C9E09}"
EndProject
Project("{9A19103F-16F7-4668-BE54-9A1E7A4F7556}") = "06.BirthdayCelebrations", "06.BirthdayCelebrations\06.BirthdayCelebrations.csproj", "{74752351-27C9-4CE0-B873-E0F3798F1D0F}"
EndProject
Project("{9A19103F-16F7-4668-BE54-9A1E7A4F7556}") = "07.FoodShortage", "07.FoodShortage\07.FoodShortage.csproj", "{7E4DF6DC-C2D0-4871-AE6B-A55A5550B6E7}"
EndProject
Project("{9A19103F-16F7-4668-BE54-9A1E7A4F7556}") = "08.MilitaryElite", "08.MilitaryElite\08.MilitaryElite.csproj", "{06A7894F-B145-43F1-94CF-B833F9015A87}"
EndProject
Project("{9A19103F-16F7-4668-BE54-9A1E7A4F7556}") = "09.CollectionHierarchy", "09.CollectionHierarchy\09.CollectionHierarchy.csproj", "{EF5FA304-F8EC-4F24-B528-C624F3D62AAC}"
EndProject
Project("{FAE04EC0-301F-11D3-BF4B-00C04F79EFBC}") = "10.ExplicitInterfaces", "10.ExplicitInterfaces\10.ExplicitInterfaces.csproj", "{0471E4B8-C991-42C6-9945-D047358C4DA0}"
EndProject
Global
	GlobalSection(SolutionConfigurationPlatforms) = preSolution
		Debug|Any CPU = Debug|Any CPU
		Release|Any CPU = Release|Any CPU
	EndGlobalSection
	GlobalSection(ProjectConfigurationPlatforms) = postSolution
		{D31F109F-EA5C-44F2-88B0-EE85AA3CF609}.Debug|Any CPU.ActiveCfg = Debug|Any CPU
		{D31F109F-EA5C-44F2-88B0-EE85AA3CF609}.Debug|Any CPU.Build.0 = Debug|Any CPU
		{D31F109F-EA5C-44F2-88B0-EE85AA3CF609}.Release|Any CPU.ActiveCfg = Release|Any CPU
		{D31F109F-EA5C-44F2-88B0-EE85AA3CF609}.Release|Any CPU.Build.0 = Release|Any CPU
		{A353C44E-2A91-439A-846B-30E9F516FA56}.Debug|Any CPU.ActiveCfg = Debug|Any CPU
		{A353C44E-2A91-439A-846B-30E9F516FA56}.Debug|Any CPU.Build.0 = Debug|Any CPU
		{A353C44E-2A91-439A-846B-30E9F516FA56}.Release|Any CPU.ActiveCfg = Release|Any CPU
		{A353C44E-2A91-439A-846B-30E9F516FA56}.Release|Any CPU.Build.0 = Release|Any CPU
		{3F26AE02-932D-4D9C-A27E-387010B3B3D2}.Debug|Any CPU.ActiveCfg = Debug|Any CPU
		{3F26AE02-932D-4D9C-A27E-387010B3B3D2}.Debug|Any CPU.Build.0 = Debug|Any CPU
		{3F26AE02-932D-4D9C-A27E-387010B3B3D2}.Release|Any CPU.ActiveCfg = Release|Any CPU
		{3F26AE02-932D-4D9C-A27E-387010B3B3D2}.Release|Any CPU.Build.0 = Release|Any CPU
		{7BACC16C-C6FC-4356-8156-2F2E6C87AE24}.Debug|Any CPU.ActiveCfg = Debug|Any CPU
		{7BACC16C-C6FC-4356-8156-2F2E6C87AE24}.Debug|Any CPU.Build.0 = Debug|Any CPU
		{7BACC16C-C6FC-4356-8156-2F2E6C87AE24}.Release|Any CPU.ActiveCfg = Release|Any CPU
		{7BACC16C-C6FC-4356-8156-2F2E6C87AE24}.Release|Any CPU.Build.0 = Release|Any CPU
		{29C06EB6-F33A-43E6-842F-8C6B624C9E09}.Debug|Any CPU.ActiveCfg = Debug|Any CPU
		{29C06EB6-F33A-43E6-842F-8C6B624C9E09}.Debug|Any CPU.Build.0 = Debug|Any CPU
		{29C06EB6-F33A-43E6-842F-8C6B624C9E09}.Release|Any CPU.ActiveCfg = Release|Any CPU
		{29C06EB6-F33A-43E6-842F-8C6B624C9E09}.Release|Any CPU.Build.0 = Release|Any CPU
		{74752351-27C9-4CE0-B873-E0F3798F1D0F}.Debug|Any CPU.ActiveCfg = Debug|Any CPU
		{74752351-27C9-4CE0-B873-E0F3798F1D0F}.Debug|Any CPU.Build.0 = Debug|Any CPU
		{74752351-27C9-4CE0-B873-E0F3798F1D0F}.Release|Any CPU.ActiveCfg = Release|Any CPU
		{74752351-27C9-4CE0-B873-E0F3798F1D0F}.Release|Any CPU.Build.0 = Release|Any CPU
		{7E4DF6DC-C2D0-4871-AE6B-A55A5550B6E7}.Debug|Any CPU.ActiveCfg = Debug|Any CPU
		{7E4DF6DC-C2D0-4871-AE6B-A55A5550B6E7}.Debug|Any CPU.Build.0 = Debug|Any CPU
		{7E4DF6DC-C2D0-4871-AE6B-A55A5550B6E7}.Release|Any CPU.ActiveCfg = Release|Any CPU
		{7E4DF6DC-C2D0-4871-AE6B-A55A5550B6E7}.Release|Any CPU.Build.0 = Release|Any CPU
		{06A7894F-B145-43F1-94CF-B833F9015A87}.Debug|Any CPU.ActiveCfg = Debug|Any CPU
		{06A7894F-B145-43F1-94CF-B833F9015A87}.Debug|Any CPU.Build.0 = Debug|Any CPU
		{06A7894F-B145-43F1-94CF-B833F9015A87}.Release|Any CPU.ActiveCfg = Release|Any CPU
		{06A7894F-B145-43F1-94CF-B833F9015A87}.Release|Any CPU.Build.0 = Release|Any CPU
		{EF5FA304-F8EC-4F24-B528-C624F3D62AAC}.Debug|Any CPU.ActiveCfg = Debug|Any CPU
		{EF5FA304-F8EC-4F24-B528-C624F3D62AAC}.Debug|Any CPU.Build.0 = Debug|Any CPU
		{EF5FA304-F8EC-4F24-B528-C624F3D62AAC}.Release|Any CPU.ActiveCfg = Release|Any CPU
		{EF5FA304-F8EC-4F24-B528-C624F3D62AAC}.Release|Any CPU.Build.0 = Release|Any CPU
		{0471E4B8-C991-42C6-9945-D047358C4DA0}.Debug|Any CPU.ActiveCfg = Debug|Any CPU
		{0471E4B8-C991-42C6-9945-D047358C4DA0}.Debug|Any CPU.Build.0 = Debug|Any CPU
		{0471E4B8-C991-42C6-9945-D047358C4DA0}.Release|Any CPU.ActiveCfg = Release|Any CPU
		{0471E4B8-C991-42C6-9945-D047358C4DA0}.Release|Any CPU.Build.0 = Release|Any CPU
	EndGlobalSection
	GlobalSection(SolutionProperties) = preSolution
		HideSolutionNode = FALSE
	EndGlobalSection
	GlobalSection(ExtensibilityGlobals) = postSolution
		SolutionGuid = {E8A66968-D1B8-4B4F-9201-7AF73E853643}
	EndGlobalSection
EndGlobal
