
Microsoft Visual Studio Solution File, Format Version 12.00
# Visual Studio 15
VisualStudioVersion = 15.0.27130.2027
MinimumVisualStudioVersion = 10.0.40219.1
Project("{9A19103F-16F7-4668-BE54-9A1E7A4F7556}") = "01.Person", "01.Person\01.Person.csproj", "{3173EEB2-C4E4-4C2C-9F32-5B043FC66420}"
EndProject
Project("{9A19103F-16F7-4668-BE54-9A1E7A4F7556}") = "02.BookShop", "02.BookShop\02.BookShop.csproj", "{642D7749-BFDC-405A-AC24-9B57D1898FC5}"
EndProject
Project("{9A19103F-16F7-4668-BE54-9A1E7A4F7556}") = "03.Mankind", "03.Mankind\03.Mankind.csproj", "{FD662C1B-0F20-40CB-BBC2-5D786275322E}"
EndProject
Project("{9A19103F-16F7-4668-BE54-9A1E7A4F7556}") = "04.OnlineRadioDatabase", "04.OnlineRadioDatabase\04.OnlineRadioDatabase.csproj", "{21782C31-3E6B-4615-97BD-301AD3844A93}"
EndProject
Project("{9A19103F-16F7-4668-BE54-9A1E7A4F7556}") = "06.Animals", "06.Animals\06.Animals.csproj", "{11E8451C-E8E5-4602-8914-19B3E6D5607A}"
EndProject
Project("{9A19103F-16F7-4668-BE54-9A1E7A4F7556}") = "05.MordorCrueltyPlan", "05.MordorCrueltyPlan\05.MordorCrueltyPlan.csproj", "{42C1DE22-1AAF-4A18-B35F-789E9EA99EC3}"
EndProject
Project("{FAE04EC0-301F-11D3-BF4B-00C04F79EFBC}") = "04.OnlineRadioDatabase2", "04.OnlineRadioDatabase2\04.OnlineRadioDatabase2.csproj", "{CAF73E46-C15E-468D-934E-3050166A66EB}"
EndProject
Global
	GlobalSection(SolutionConfigurationPlatforms) = preSolution
		Debug|Any CPU = Debug|Any CPU
		Release|Any CPU = Release|Any CPU
	EndGlobalSection
	GlobalSection(ProjectConfigurationPlatforms) = postSolution
		{3173EEB2-C4E4-4C2C-9F32-5B043FC66420}.Debug|Any CPU.ActiveCfg = Debug|Any CPU
		{3173EEB2-C4E4-4C2C-9F32-5B043FC66420}.Debug|Any CPU.Build.0 = Debug|Any CPU
		{3173EEB2-C4E4-4C2C-9F32-5B043FC66420}.Release|Any CPU.ActiveCfg = Release|Any CPU
		{3173EEB2-C4E4-4C2C-9F32-5B043FC66420}.Release|Any CPU.Build.0 = Release|Any CPU
		{642D7749-BFDC-405A-AC24-9B57D1898FC5}.Debug|Any CPU.ActiveCfg = Debug|Any CPU
		{642D7749-BFDC-405A-AC24-9B57D1898FC5}.Debug|Any CPU.Build.0 = Debug|Any CPU
		{642D7749-BFDC-405A-AC24-9B57D1898FC5}.Release|Any CPU.ActiveCfg = Release|Any CPU
		{642D7749-BFDC-405A-AC24-9B57D1898FC5}.Release|Any CPU.Build.0 = Release|Any CPU
		{FD662C1B-0F20-40CB-BBC2-5D786275322E}.Debug|Any CPU.ActiveCfg = Debug|Any CPU
		{FD662C1B-0F20-40CB-BBC2-5D786275322E}.Debug|Any CPU.Build.0 = Debug|Any CPU
		{FD662C1B-0F20-40CB-BBC2-5D786275322E}.Release|Any CPU.ActiveCfg = Release|Any CPU
		{FD662C1B-0F20-40CB-BBC2-5D786275322E}.Release|Any CPU.Build.0 = Release|Any CPU
		{21782C31-3E6B-4615-97BD-301AD3844A93}.Debug|Any CPU.ActiveCfg = Debug|Any CPU
		{21782C31-3E6B-4615-97BD-301AD3844A93}.Debug|Any CPU.Build.0 = Debug|Any CPU
		{21782C31-3E6B-4615-97BD-301AD3844A93}.Release|Any CPU.ActiveCfg = Release|Any CPU
		{21782C31-3E6B-4615-97BD-301AD3844A93}.Release|Any CPU.Build.0 = Release|Any CPU
		{11E8451C-E8E5-4602-8914-19B3E6D5607A}.Debug|Any CPU.ActiveCfg = Debug|Any CPU
		{11E8451C-E8E5-4602-8914-19B3E6D5607A}.Debug|Any CPU.Build.0 = Debug|Any CPU
		{11E8451C-E8E5-4602-8914-19B3E6D5607A}.Release|Any CPU.ActiveCfg = Release|Any CPU
		{11E8451C-E8E5-4602-8914-19B3E6D5607A}.Release|Any CPU.Build.0 = Release|Any CPU
		{42C1DE22-1AAF-4A18-B35F-789E9EA99EC3}.Debug|Any CPU.ActiveCfg = Debug|Any CPU
		{42C1DE22-1AAF-4A18-B35F-789E9EA99EC3}.Debug|Any CPU.Build.0 = Debug|Any CPU
		{42C1DE22-1AAF-4A18-B35F-789E9EA99EC3}.Release|Any CPU.ActiveCfg = Release|Any CPU
		{42C1DE22-1AAF-4A18-B35F-789E9EA99EC3}.Release|Any CPU.Build.0 = Release|Any CPU
		{CAF73E46-C15E-468D-934E-3050166A66EB}.Debug|Any CPU.ActiveCfg = Debug|Any CPU
		{CAF73E46-C15E-468D-934E-3050166A66EB}.Debug|Any CPU.Build.0 = Debug|Any CPU
		{CAF73E46-C15E-468D-934E-3050166A66EB}.Release|Any CPU.ActiveCfg = Release|Any CPU
		{CAF73E46-C15E-468D-934E-3050166A66EB}.Release|Any CPU.Build.0 = Release|Any CPU
	EndGlobalSection
	GlobalSection(SolutionProperties) = preSolution
		HideSolutionNode = FALSE
	EndGlobalSection
	GlobalSection(ExtensibilityGlobals) = postSolution
		SolutionGuid = {70D916D8-0120-4750-94B1-9CE43B0CC8FD}
	EndGlobalSection
EndGlobal
