
Microsoft Visual Studio Solution File, Format Version 12.00
# Visual Studio Version 16
VisualStudioVersion = 16.0.29424.173
MinimumVisualStudioVersion = 10.0.40219.1
Project("{FAE04EC0-301F-11D3-BF4B-00C04F79EFBC}") = "01.Hospital Database", "01.Hospital Database\01.Hospital Database.csproj", "{093852B3-A468-4633-8722-2B71FF1A1085}"
EndProject
Project("{FAE04EC0-301F-11D3-BF4B-00C04F79EFBC}") = "03.SalesDatabase", "03.SalesDatabase\03.SalesDatabase.csproj", "{8BB96D45-29C1-479A-9F47-F2A6693DAC85}"
EndProject
Global
	GlobalSection(SolutionConfigurationPlatforms) = preSolution
		Debug|Any CPU = Debug|Any CPU
		Release|Any CPU = Release|Any CPU
	EndGlobalSection
	GlobalSection(ProjectConfigurationPlatforms) = postSolution
		{093852B3-A468-4633-8722-2B71FF1A1085}.Debug|Any CPU.ActiveCfg = Debug|Any CPU
		{093852B3-A468-4633-8722-2B71FF1A1085}.Debug|Any CPU.Build.0 = Debug|Any CPU
		{093852B3-A468-4633-8722-2B71FF1A1085}.Release|Any CPU.ActiveCfg = Release|Any CPU
		{093852B3-A468-4633-8722-2B71FF1A1085}.Release|Any CPU.Build.0 = Release|Any CPU
		{8BB96D45-29C1-479A-9F47-F2A6693DAC85}.Debug|Any CPU.ActiveCfg = Debug|Any CPU
		{8BB96D45-29C1-479A-9F47-F2A6693DAC85}.Debug|Any CPU.Build.0 = Debug|Any CPU
		{8BB96D45-29C1-479A-9F47-F2A6693DAC85}.Release|Any CPU.ActiveCfg = Release|Any CPU
		{8BB96D45-29C1-479A-9F47-F2A6693DAC85}.Release|Any CPU.Build.0 = Release|Any CPU
	EndGlobalSection
	GlobalSection(SolutionProperties) = preSolution
		HideSolutionNode = FALSE
	EndGlobalSection
	GlobalSection(ExtensibilityGlobals) = postSolution
		SolutionGuid = {C9F2F2FA-DA76-4EB5-8274-AF8C7AC7CD11}
	EndGlobalSection
EndGlobal
