
Microsoft Visual Studio Solution File, Format Version 12.00
# Visual Studio 15
VisualStudioVersion = 15.0.28307.136
MinimumVisualStudioVersion = 10.0.40219.1
Project("{FAE04EC0-301F-11D3-BF4B-00C04F79EFBC}") = "01.ExtractEmails", "01.ExtractEmails\01.ExtractEmails.csproj", "{DF0E6F51-7C68-4088-A8DB-895CC2A2E899}"
EndProject
Project("{FAE04EC0-301F-11D3-BF4B-00C04F79EFBC}") = "02.ExtractSentencesByKeyword", "02.ExtractSentencesByKeyword\02.ExtractSentencesByKeyword.csproj", "{200ECF6A-FC26-4AF1-BDE1-632FC0011177}"
EndProject
Project("{FAE04EC0-301F-11D3-BF4B-00C04F79EFBC}") = "03.CameraView", "03.CameraView\03.CameraView.csproj", "{F90E27EF-2539-4321-8692-73F8F3DAD1A5}"
EndProject
Project("{FAE04EC0-301F-11D3-BF4B-00C04F79EFBC}") = "04.Weather", "04.Weather\04.Weather.csproj", "{A9E80842-E381-4590-A616-D3DD519F768A}"
EndProject
Project("{FAE04EC0-301F-11D3-BF4B-00C04F79EFBC}") = "05.KeyReplacer", "05.KeyReplacer\05.KeyReplacer.csproj", "{7C12A19B-FB2F-4795-AA58-A9FE932019A0}"
EndProject
Project("{FAE04EC0-301F-11D3-BF4B-00C04F79EFBC}") = "06.ValidUsernames", "06.ValidUsernames\06.ValidUsernames.csproj", "{E98B2449-0C5D-4525-B676-FE12E049FC6F}"
EndProject
Project("{FAE04EC0-301F-11D3-BF4B-00C04F79EFBC}") = "07.QueryMess", "07.QueryMess\07.QueryMess.csproj", "{9C0AD056-EB86-4630-9F71-CD5D67C2EBC3}"
EndProject
Project("{FAE04EC0-301F-11D3-BF4B-00C04F79EFBC}") = "08.UseYourChainsBuddy", "08.UseYourChainsBuddy\08.UseYourChainsBuddy.csproj", "{1FAE108A-AE29-444A-B740-4539F8492CA2}"
EndProject
Global
	GlobalSection(SolutionConfigurationPlatforms) = preSolution
		Debug|Any CPU = Debug|Any CPU
		Release|Any CPU = Release|Any CPU
	EndGlobalSection
	GlobalSection(ProjectConfigurationPlatforms) = postSolution
		{DF0E6F51-7C68-4088-A8DB-895CC2A2E899}.Debug|Any CPU.ActiveCfg = Debug|Any CPU
		{DF0E6F51-7C68-4088-A8DB-895CC2A2E899}.Debug|Any CPU.Build.0 = Debug|Any CPU
		{DF0E6F51-7C68-4088-A8DB-895CC2A2E899}.Release|Any CPU.ActiveCfg = Release|Any CPU
		{DF0E6F51-7C68-4088-A8DB-895CC2A2E899}.Release|Any CPU.Build.0 = Release|Any CPU
		{200ECF6A-FC26-4AF1-BDE1-632FC0011177}.Debug|Any CPU.ActiveCfg = Debug|Any CPU
		{200ECF6A-FC26-4AF1-BDE1-632FC0011177}.Debug|Any CPU.Build.0 = Debug|Any CPU
		{200ECF6A-FC26-4AF1-BDE1-632FC0011177}.Release|Any CPU.ActiveCfg = Release|Any CPU
		{200ECF6A-FC26-4AF1-BDE1-632FC0011177}.Release|Any CPU.Build.0 = Release|Any CPU
		{F90E27EF-2539-4321-8692-73F8F3DAD1A5}.Debug|Any CPU.ActiveCfg = Debug|Any CPU
		{F90E27EF-2539-4321-8692-73F8F3DAD1A5}.Debug|Any CPU.Build.0 = Debug|Any CPU
		{F90E27EF-2539-4321-8692-73F8F3DAD1A5}.Release|Any CPU.ActiveCfg = Release|Any CPU
		{F90E27EF-2539-4321-8692-73F8F3DAD1A5}.Release|Any CPU.Build.0 = Release|Any CPU
		{A9E80842-E381-4590-A616-D3DD519F768A}.Debug|Any CPU.ActiveCfg = Debug|Any CPU
		{A9E80842-E381-4590-A616-D3DD519F768A}.Debug|Any CPU.Build.0 = Debug|Any CPU
		{A9E80842-E381-4590-A616-D3DD519F768A}.Release|Any CPU.ActiveCfg = Release|Any CPU
		{A9E80842-E381-4590-A616-D3DD519F768A}.Release|Any CPU.Build.0 = Release|Any CPU
		{7C12A19B-FB2F-4795-AA58-A9FE932019A0}.Debug|Any CPU.ActiveCfg = Debug|Any CPU
		{7C12A19B-FB2F-4795-AA58-A9FE932019A0}.Debug|Any CPU.Build.0 = Debug|Any CPU
		{7C12A19B-FB2F-4795-AA58-A9FE932019A0}.Release|Any CPU.ActiveCfg = Release|Any CPU
		{7C12A19B-FB2F-4795-AA58-A9FE932019A0}.Release|Any CPU.Build.0 = Release|Any CPU
		{E98B2449-0C5D-4525-B676-FE12E049FC6F}.Debug|Any CPU.ActiveCfg = Debug|Any CPU
		{E98B2449-0C5D-4525-B676-FE12E049FC6F}.Debug|Any CPU.Build.0 = Debug|Any CPU
		{E98B2449-0C5D-4525-B676-FE12E049FC6F}.Release|Any CPU.ActiveCfg = Release|Any CPU
		{E98B2449-0C5D-4525-B676-FE12E049FC6F}.Release|Any CPU.Build.0 = Release|Any CPU
		{9C0AD056-EB86-4630-9F71-CD5D67C2EBC3}.Debug|Any CPU.ActiveCfg = Debug|Any CPU
		{9C0AD056-EB86-4630-9F71-CD5D67C2EBC3}.Debug|Any CPU.Build.0 = Debug|Any CPU
		{9C0AD056-EB86-4630-9F71-CD5D67C2EBC3}.Release|Any CPU.ActiveCfg = Release|Any CPU
		{9C0AD056-EB86-4630-9F71-CD5D67C2EBC3}.Release|Any CPU.Build.0 = Release|Any CPU
		{1FAE108A-AE29-444A-B740-4539F8492CA2}.Debug|Any CPU.ActiveCfg = Debug|Any CPU
		{1FAE108A-AE29-444A-B740-4539F8492CA2}.Debug|Any CPU.Build.0 = Debug|Any CPU
		{1FAE108A-AE29-444A-B740-4539F8492CA2}.Release|Any CPU.ActiveCfg = Release|Any CPU
		{1FAE108A-AE29-444A-B740-4539F8492CA2}.Release|Any CPU.Build.0 = Release|Any CPU
	EndGlobalSection
	GlobalSection(SolutionProperties) = preSolution
		HideSolutionNode = FALSE
	EndGlobalSection
	GlobalSection(ExtensibilityGlobals) = postSolution
		SolutionGuid = {4FFC3D5D-1B6E-4436-A88E-E36F979B43E2}
	EndGlobalSection
EndGlobal
