
Microsoft Visual Studio Solution File, Format Version 12.00
# Visual Studio Version 16
VisualStudioVersion = 16.0.29503.13
MinimumVisualStudioVersion = 10.0.40219.1
Project("{FAE04EC0-301F-11D3-BF4B-00C04F79EFBC}") = "01.Prototype", "01.Prototype\01.Prototype.csproj", "{41560EEE-B7CD-40E5-B459-A18F66B3E599}"
EndProject
Project("{FAE04EC0-301F-11D3-BF4B-00C04F79EFBC}") = "02.Vegetarian", "02.Vegetarian\02.Vegetarian.csproj", "{E22B774F-B50A-41AC-B761-DE970A180E58}"
EndProject
Project("{FAE04EC0-301F-11D3-BF4B-00C04F79EFBC}") = "03.Template-Pattern", "03.Template-Pattern\03.Template-Pattern.csproj", "{78B67E82-3D00-4C8B-8716-C80471FAA8B5}"
EndProject
Global
	GlobalSection(SolutionConfigurationPlatforms) = preSolution
		Debug|Any CPU = Debug|Any CPU
		Release|Any CPU = Release|Any CPU
	EndGlobalSection
	GlobalSection(ProjectConfigurationPlatforms) = postSolution
		{41560EEE-B7CD-40E5-B459-A18F66B3E599}.Debug|Any CPU.ActiveCfg = Debug|Any CPU
		{41560EEE-B7CD-40E5-B459-A18F66B3E599}.Debug|Any CPU.Build.0 = Debug|Any CPU
		{41560EEE-B7CD-40E5-B459-A18F66B3E599}.Release|Any CPU.ActiveCfg = Release|Any CPU
		{41560EEE-B7CD-40E5-B459-A18F66B3E599}.Release|Any CPU.Build.0 = Release|Any CPU
		{E22B774F-B50A-41AC-B761-DE970A180E58}.Debug|Any CPU.ActiveCfg = Debug|Any CPU
		{E22B774F-B50A-41AC-B761-DE970A180E58}.Debug|Any CPU.Build.0 = Debug|Any CPU
		{E22B774F-B50A-41AC-B761-DE970A180E58}.Release|Any CPU.ActiveCfg = Release|Any CPU
		{E22B774F-B50A-41AC-B761-DE970A180E58}.Release|Any CPU.Build.0 = Release|Any CPU
		{78B67E82-3D00-4C8B-8716-C80471FAA8B5}.Debug|Any CPU.ActiveCfg = Debug|Any CPU
		{78B67E82-3D00-4C8B-8716-C80471FAA8B5}.Debug|Any CPU.Build.0 = Debug|Any CPU
		{78B67E82-3D00-4C8B-8716-C80471FAA8B5}.Release|Any CPU.ActiveCfg = Release|Any CPU
		{78B67E82-3D00-4C8B-8716-C80471FAA8B5}.Release|Any CPU.Build.0 = Release|Any CPU
	EndGlobalSection
	GlobalSection(SolutionProperties) = preSolution
		HideSolutionNode = FALSE
	EndGlobalSection
	GlobalSection(ExtensibilityGlobals) = postSolution
		SolutionGuid = {04EB642B-A8F6-4267-BC1E-406652E99C6C}
	EndGlobalSection
EndGlobal
